
Microsoft Visual Studio Solution File, Format Version 12.00
# Visual Studio Version 17
VisualStudioVersion = 17.6.33829.357
MinimumVisualStudioVersion = 10.0.40219.1
Project("{FAE04EC0-301F-11D3-BF4B-00C04F79EFBC}") = "SurvivalOfTheUnfit", "SurvivalOfTheUnfit.csproj", "{CC209071-3D06-41DE-9618-4079639A3F6C}"
EndProject
Global
	GlobalSection(SolutionConfigurationPlatforms) = preSolution
		Debug|Any CPU = Debug|Any CPU
		Release|Any CPU = Release|Any CPU
	EndGlobalSection
	GlobalSection(ProjectConfigurationPlatforms) = postSolution
		{CC209071-3D06-41DE-9618-4079639A3F6C}.Debug|Any CPU.ActiveCfg = Debug|Any CPU
		{CC209071-3D06-41DE-9618-4079639A3F6C}.Debug|Any CPU.Build.0 = Debug|Any CPU
		{CC209071-3D06-41DE-9618-4079639A3F6C}.Release|Any CPU.ActiveCfg = Release|Any CPU
		{CC209071-3D06-41DE-9618-4079639A3F6C}.Release|Any CPU.Build.0 = Release|Any CPU
	EndGlobalSection
	GlobalSection(SolutionProperties) = preSolution
		HideSolutionNode = FALSE
	EndGlobalSection
	GlobalSection(ExtensibilityGlobals) = postSolution
		SolutionGuid = {2AB47BCC-D309-4509-94F7-B3AFB7CD9882}
	EndGlobalSection
EndGlobal
